
Microsoft Visual Studio Solution File, Format Version 12.00
# Visual Studio Version 17
VisualStudioVersion = 17.11.35222.181
MinimumVisualStudioVersion = 10.0.40219.1
Project("{9A19103F-16F7-4668-BE54-9A1E7A4F7556}") = "backend", "backend.csproj", "{B472D9E8-93D8-470F-9DA5-3309AC44AC23}"
EndProject
Global
	GlobalSection(SolutionConfigurationPlatforms) = preSolution
		Debug|Any CPU = Debug|Any CPU
		Release|Any CPU = Release|Any CPU
	EndGlobalSection
	GlobalSection(ProjectConfigurationPlatforms) = postSolution
		{B472D9E8-93D8-470F-9DA5-3309AC44AC23}.Debug|Any CPU.ActiveCfg = Debug|Any CPU
		{B472D9E8-93D8-470F-9DA5-3309AC44AC23}.Debug|Any CPU.Build.0 = Debug|Any CPU
		{B472D9E8-93D8-470F-9DA5-3309AC44AC23}.Release|Any CPU.ActiveCfg = Release|Any CPU
		{B472D9E8-93D8-470F-9DA5-3309AC44AC23}.Release|Any CPU.Build.0 = Release|Any CPU
	EndGlobalSection
	GlobalSection(SolutionProperties) = preSolution
		HideSolutionNode = FALSE
	EndGlobalSection
	GlobalSection(ExtensibilityGlobals) = postSolution
		SolutionGuid = {E7D48638-8654-40F3-ADDF-404A8E9C9D8B}
	EndGlobalSection
EndGlobal
